// !$*UTF8*$!
{
	archiveVersion = 1;
	classes = {
	};
	objectVersion = 48;
	objects = {

/* Begin PBXBuildFile section */
		116FBAD82EDCBE1D0951561E /* Pods_Inventario.framework in Frameworks */ = {isa = PBXBuildFile; fileRef = 997BA71AD6E89FD2CFE8390B /* Pods_Inventario.framework */; };
		730FA033226F83A900A606D1 /* MenuVC.swift in Sources */ = {isa = PBXBuildFile; fileRef = 730FA032226F83A900A606D1 /* MenuVC.swift */; };
		730FA035226F83CB00A606D1 /* ContainerVC.swift in Sources */ = {isa = PBXBuildFile; fileRef = 730FA034226F83CB00A606D1 /* ContainerVC.swift */; };
		730FA038226F8E0B00A606D1 /* Configuracion.storyboard in Resources */ = {isa = PBXBuildFile; fileRef = 730FA037226F8E0B00A606D1 /* Configuracion.storyboard */; };
		730FA03B226F8FA500A606D1 /* CatProd.storyboard in Resources */ = {isa = PBXBuildFile; fileRef = 730FA03A226F8FA400A606D1 /* CatProd.storyboard */; };
		730FA03E226F90E700A606D1 /* Proovedores.storyboard in Resources */ = {isa = PBXBuildFile; fileRef = 730FA03D226F90E700A606D1 /* Proovedores.storyboard */; };
		730FA041226F91FD00A606D1 /* Clientes.storyboard in Resources */ = {isa = PBXBuildFile; fileRef = 730FA040226F91FD00A606D1 /* Clientes.storyboard */; };
		730FA044226F928D00A606D1 /* Visualizar.storyboard in Resources */ = {isa = PBXBuildFile; fileRef = 730FA043226F928D00A606D1 /* Visualizar.storyboard */; };
		730FA047226F935E00A606D1 /* Almacen.storyboard in Resources */ = {isa = PBXBuildFile; fileRef = 730FA046226F935E00A606D1 /* Almacen.storyboard */; };
		730FA04A226F93F200A606D1 /* Traspaso.storyboard in Resources */ = {isa = PBXBuildFile; fileRef = 730FA049226F93F200A606D1 /* Traspaso.storyboard */; };
		7314C2F222EBC66900D745FE /* ZapatosVC.swift in Sources */ = {isa = PBXBuildFile; fileRef = 7314C2F122EBC66900D745FE /* ZapatosVC.swift */; };
		731F2D772288CBE0001B4808 /* ViewControllerMethods.swift in Sources */ = {isa = PBXBuildFile; fileRef = 731F2D762288CBE0001B4808 /* ViewControllerMethods.swift */; };
		7321FD702265039F00EA41CE /* AlertController+Image.swift in Sources */ = {isa = PBXBuildFile; fileRef = 7321FD6F2265039F00EA41CE /* AlertController+Image.swift */; };
		7321FD722265056D00EA41CE /* UIImage+Resize.swift in Sources */ = {isa = PBXBuildFile; fileRef = 7321FD712265056D00EA41CE /* UIImage+Resize.swift */; };
		7321FD7422650D7200EA41CE /* UIAlertAction+Image.swift in Sources */ = {isa = PBXBuildFile; fileRef = 7321FD7322650D7200EA41CE /* UIAlertAction+Image.swift */; };
		7325FC952203B7AC009EA072 /* CustomViewCell.swift in Sources */ = {isa = PBXBuildFile; fileRef = 7325FC932203B7AC009EA072 /* CustomViewCell.swift */; };
		7325FC962203B7AC009EA072 /* CustomViewCell.xib in Resources */ = {isa = PBXBuildFile; fileRef = 7325FC942203B7AC009EA072 /* CustomViewCell.xib */; };
		73279EEF21D6BE3500C11366 /* VizualizarArticulosVC.swift in Sources */ = {isa = PBXBuildFile; fileRef = 73279EEE21D6BE3500C11366 /* VizualizarArticulosVC.swift */; };
		732F02DC21A7392D003FB74F /* barcode.png in Resources */ = {isa = PBXBuildFile; fileRef = 732F02DB21A7392C003FB74F /* barcode.png */; };
		733B4297226FE6FA00B876FB /* CustomSegmentedControl.swift in Sources */ = {isa = PBXBuildFile; fileRef = 733B4294226FE6F800B876FB /* CustomSegmentedControl.swift */; };
		733B4298226FE6FA00B876FB /* RoundedImage.swift in Sources */ = {isa = PBXBuildFile; fileRef = 733B4295226FE6F900B876FB /* RoundedImage.swift */; };
		733B4299226FE6FA00B876FB /* GifUIImageView.swift in Sources */ = {isa = PBXBuildFile; fileRef = 733B4296226FE6FA00B876FB /* GifUIImageView.swift */; };
		733B429C226FE95D00B876FB /* CustomTableViewCell.swift in Sources */ = {isa = PBXBuildFile; fileRef = 733B429A226FE95C00B876FB /* CustomTableViewCell.swift */; };
		733B429D226FE95D00B876FB /* CustomTableViewCell.xib in Resources */ = {isa = PBXBuildFile; fileRef = 733B429B226FE95D00B876FB /* CustomTableViewCell.xib */; };
		7344750A2194A4F20054AEB7 /* GoogleService-Info.plist in Resources */ = {isa = PBXBuildFile; fileRef = 734475092194A4F10054AEB7 /* GoogleService-Info.plist */; };
		7347A08F22737A4500317A7B /* TraspasoEnEsperaVC.swift in Sources */ = {isa = PBXBuildFile; fileRef = 7347A08E22737A4500317A7B /* TraspasoEnEsperaVC.swift */; };
		73559274228C95F0003DD1E6 /* StardEndDates.swift in Sources */ = {isa = PBXBuildFile; fileRef = 73559273228C95EF003DD1E6 /* StardEndDates.swift */; };
		73559276228C9D80003DD1E6 /* ReporteItem.swift in Sources */ = {isa = PBXBuildFile; fileRef = 73559275228C9D80003DD1E6 /* ReporteItem.swift */; };
		735BCC4E2190B93100EC8710 /* CategoriaVC.swift in Sources */ = {isa = PBXBuildFile; fileRef = 735BCC4D2190B93100EC8710 /* CategoriaVC.swift */; };
		735BCC502190B95100EC8710 /* ProductoVC.swift in Sources */ = {isa = PBXBuildFile; fileRef = 735BCC4F2190B95100EC8710 /* ProductoVC.swift */; };
		73629BCB22863A4F00FA47E9 /* item.swift in Sources */ = {isa = PBXBuildFile; fileRef = 73629BCA22863A4F00FA47E9 /* item.swift */; };
		73629BCD2286488100FA47E9 /* categoriaClass.swift in Sources */ = {isa = PBXBuildFile; fileRef = 73629BCC2286488100FA47E9 /* categoriaClass.swift */; };
		73629BCF22864E2400FA47E9 /* articulo.swift in Sources */ = {isa = PBXBuildFile; fileRef = 73629BCE22864E2400FA47E9 /* articulo.swift */; };
		736BA71F218CCA1F0058CCE1 /* MenuTVC.swift in Sources */ = {isa = PBXBuildFile; fileRef = 736BA71E218CCA1F0058CCE1 /* MenuTVC.swift */; };
		736DE9A821851932007EC5DE /* AppDelegate.swift in Sources */ = {isa = PBXBuildFile; fileRef = 736DE9A721851932007EC5DE /* AppDelegate.swift */; };
		736DE9AD21851932007EC5DE /* Main.storyboard in Resources */ = {isa = PBXBuildFile; fileRef = 736DE9AB21851932007EC5DE /* Main.storyboard */; };
		736DE9B021851932007EC5DE /* Inventario.xcdatamodeld in Sources */ = {isa = PBXBuildFile; fileRef = 736DE9AE21851932007EC5DE /* Inventario.xcdatamodeld */; };
		736DE9B221851937007EC5DE /* Assets.xcassets in Resources */ = {isa = PBXBuildFile; fileRef = 736DE9B121851937007EC5DE /* Assets.xcassets */; };
		736DE9B521851937007EC5DE /* LaunchScreen.storyboard in Resources */ = {isa = PBXBuildFile; fileRef = 736DE9B321851937007EC5DE /* LaunchScreen.storyboard */; };
		7370588721A9FCF40018EAB4 /* CodigosDeBarras.swift in Sources */ = {isa = PBXBuildFile; fileRef = 7370588621A9FCF40018EAB4 /* CodigosDeBarras.swift */; };
		7371798B21DECC1B00B05EE2 /* AlmacenVC.swift in Sources */ = {isa = PBXBuildFile; fileRef = 7371798A21DECC1B00B05EE2 /* AlmacenVC.swift */; };
		7371798D21DECEA200B05EE2 /* CrearAlmacenVC.swift in Sources */ = {isa = PBXBuildFile; fileRef = 7371798C21DECEA200B05EE2 /* CrearAlmacenVC.swift */; };
		737296782194EE7C00832591 /* LogInVC.swift in Sources */ = {isa = PBXBuildFile; fileRef = 737296772194EE7C00832591 /* LogInVC.swift */; };
		7388234E218A23CA0051D7A3 /* configuration-with-gear.png in Resources */ = {isa = PBXBuildFile; fileRef = 7388234D218A23CA0051D7A3 /* configuration-with-gear.png */; };
		73882350218A2C190051D7A3 /* ConfigurationVC.swift in Sources */ = {isa = PBXBuildFile; fileRef = 7388234F218A2C180051D7A3 /* ConfigurationVC.swift */; };
		7398F7E621C345CD00D1D6B4 /* ClientesVC.swift in Sources */ = {isa = PBXBuildFile; fileRef = 7398F7E521C345CD00D1D6B4 /* ClientesVC.swift */; };
		7398F7E821C4696600D1D6B4 /* FuncionesFirebase.swift in Sources */ = {isa = PBXBuildFile; fileRef = 7398F7E721C4696600D1D6B4 /* FuncionesFirebase.swift */; };
		73A8B30C2288FE2F0038C1D9 /* Reportes.storyboard in Resources */ = {isa = PBXBuildFile; fileRef = 73A8B30B2288FE2F0038C1D9 /* Reportes.storyboard */; };
		73A8B30E228903900038C1D9 /* ReportesVC.swift in Sources */ = {isa = PBXBuildFile; fileRef = 73A8B30D228903900038C1D9 /* ReportesVC.swift */; };
		73A912EE21BF4C3F00D3CF68 /* ProovedoresVC.swift in Sources */ = {isa = PBXBuildFile; fileRef = 73A912ED21BF4C3F00D3CF68 /* ProovedoresVC.swift */; };
		73AF2A09228F31F800C30EEB /* PDFVC.swift in Sources */ = {isa = PBXBuildFile; fileRef = 73AF2A08228F31F800C30EEB /* PDFVC.swift */; };
		73AF2A0B228F35DF00C30EEB /* SexyLogo.png in Resources */ = {isa = PBXBuildFile; fileRef = 73AF2A0A228F35DE00C30EEB /* SexyLogo.png */; };
		73B612A9228781D6009E710D /* proovedor.swift in Sources */ = {isa = PBXBuildFile; fileRef = 73B612A8228781D6009E710D /* proovedor.swift */; };
		73B612AB22879004009E710D /* ArticuloInventario.swift in Sources */ = {isa = PBXBuildFile; fileRef = 73B612AA22879004009E710D /* ArticuloInventario.swift */; };
		73B612AD228794D4009E710D /* Pedido.swift in Sources */ = {isa = PBXBuildFile; fileRef = 73B612AC228794D4009E710D /* Pedido.swift */; };
		73B6E0942263BCC90073D7A2 /* ScannArticulosVC.swift in Sources */ = {isa = PBXBuildFile; fileRef = 73B6E0932263BCC90073D7A2 /* ScannArticulosVC.swift */; };
		73B6E0962263BE730073D7A2 /* DashboardVC.swift in Sources */ = {isa = PBXBuildFile; fileRef = 73B6E0952263BE730073D7A2 /* DashboardVC.swift */; };
		73BCA4EE21E519310006530C /* GestionInventarioVC.swift in Sources */ = {isa = PBXBuildFile; fileRef = 73BCA4ED21E519310006530C /* GestionInventarioVC.swift */; };
		73C026EE22C415D500ACEB50 /* CodigoItem.swift in Sources */ = {isa = PBXBuildFile; fileRef = 73C026ED22C415D500ACEB50 /* CodigoItem.swift */; };
		73C026F222C6CBFC00ACEB50 /* POSVC.swift in Sources */ = {isa = PBXBuildFile; fileRef = 73C026F122C6CBFC00ACEB50 /* POSVC.swift */; };
		73C026F422C6D0AC00ACEB50 /* ArticulosCollectionViewCell.swift in Sources */ = {isa = PBXBuildFile; fileRef = 73C026F322C6D0AC00ACEB50 /* ArticulosCollectionViewCell.swift */; };
		73C026F622C8FF7000ACEB50 /* ArticulosPOS.swift in Sources */ = {isa = PBXBuildFile; fileRef = 73C026F522C8FF6F00ACEB50 /* ArticulosPOS.swift */; };
		EC0976FC22F1D7AA005D7733 /* Zapatos.swift in Sources */ = {isa = PBXBuildFile; fileRef = EC0976FB22F1D7AA005D7733 /* Zapatos.swift */; };
/* End PBXBuildFile section */

/* Begin PBXFileReference section */
		094A1BF9CC10C9D535DCCC56 /* Pods-Inventario.release.xcconfig */ = {isa = PBXFileReference; includeInIndex = 1; lastKnownFileType = text.xcconfig; name = "Pods-Inventario.release.xcconfig"; path = "Pods/Target Support Files/Pods-Inventario/Pods-Inventario.release.xcconfig"; sourceTree = "<group>"; };
		730FA032226F83A900A606D1 /* MenuVC.swift */ = {isa = PBXFileReference; lastKnownFileType = sourcecode.swift; path = MenuVC.swift; sourceTree = "<group>"; };
		730FA034226F83CB00A606D1 /* ContainerVC.swift */ = {isa = PBXFileReference; lastKnownFileType = sourcecode.swift; path = ContainerVC.swift; sourceTree = "<group>"; };
		730FA037226F8E0B00A606D1 /* Configuracion.storyboard */ = {isa = PBXFileReference; fileEncoding = 4; lastKnownFileType = file.storyboard; path = Configuracion.storyboard; sourceTree = "<group>"; };
		730FA03A226F8FA400A606D1 /* CatProd.storyboard */ = {isa = PBXFileReference; fileEncoding = 4; lastKnownFileType = file.storyboard; path = CatProd.storyboard; sourceTree = "<group>"; };
		730FA03D226F90E700A606D1 /* Proovedores.storyboard */ = {isa = PBXFileReference; fileEncoding = 4; lastKnownFileType = file.storyboard; path = Proovedores.storyboard; sourceTree = "<group>"; };
		730FA040226F91FD00A606D1 /* Clientes.storyboard */ = {isa = PBXFileReference; fileEncoding = 4; lastKnownFileType = file.storyboard; path = Clientes.storyboard; sourceTree = "<group>"; };
		730FA043226F928D00A606D1 /* Visualizar.storyboard */ = {isa = PBXFileReference; fileEncoding = 4; lastKnownFileType = file.storyboard; path = Visualizar.storyboard; sourceTree = "<group>"; };
		730FA046226F935E00A606D1 /* Almacen.storyboard */ = {isa = PBXFileReference; fileEncoding = 4; lastKnownFileType = file.storyboard; path = Almacen.storyboard; sourceTree = "<group>"; };
		730FA049226F93F200A606D1 /* Traspaso.storyboard */ = {isa = PBXFileReference; fileEncoding = 4; lastKnownFileType = file.storyboard; path = Traspaso.storyboard; sourceTree = "<group>"; };
		7314C2F122EBC66900D745FE /* ZapatosVC.swift */ = {isa = PBXFileReference; lastKnownFileType = sourcecode.swift; path = ZapatosVC.swift; sourceTree = "<group>"; };
		731F2D762288CBE0001B4808 /* ViewControllerMethods.swift */ = {isa = PBXFileReference; lastKnownFileType = sourcecode.swift; path = ViewControllerMethods.swift; sourceTree = "<group>"; };
		7321FD6F2265039F00EA41CE /* AlertController+Image.swift */ = {isa = PBXFileReference; lastKnownFileType = sourcecode.swift; path = "AlertController+Image.swift"; sourceTree = "<group>"; };
		7321FD712265056D00EA41CE /* UIImage+Resize.swift */ = {isa = PBXFileReference; lastKnownFileType = sourcecode.swift; path = "UIImage+Resize.swift"; sourceTree = "<group>"; };
		7321FD7322650D7200EA41CE /* UIAlertAction+Image.swift */ = {isa = PBXFileReference; lastKnownFileType = sourcecode.swift; path = "UIAlertAction+Image.swift"; sourceTree = "<group>"; };
		7325FC932203B7AC009EA072 /* CustomViewCell.swift */ = {isa = PBXFileReference; lastKnownFileType = sourcecode.swift; path = CustomViewCell.swift; sourceTree = "<group>"; };
		7325FC942203B7AC009EA072 /* CustomViewCell.xib */ = {isa = PBXFileReference; lastKnownFileType = file.xib; path = CustomViewCell.xib; sourceTree = "<group>"; };
		73279EEE21D6BE3500C11366 /* VizualizarArticulosVC.swift */ = {isa = PBXFileReference; lastKnownFileType = sourcecode.swift; path = VizualizarArticulosVC.swift; sourceTree = "<group>"; };
		732F02DB21A7392C003FB74F /* barcode.png */ = {isa = PBXFileReference; lastKnownFileType = image.png; path = barcode.png; sourceTree = "<group>"; };
		733B4294226FE6F800B876FB /* CustomSegmentedControl.swift */ = {isa = PBXFileReference; fileEncoding = 4; lastKnownFileType = sourcecode.swift; path = CustomSegmentedControl.swift; sourceTree = "<group>"; };
		733B4295226FE6F900B876FB /* RoundedImage.swift */ = {isa = PBXFileReference; fileEncoding = 4; lastKnownFileType = sourcecode.swift; path = RoundedImage.swift; sourceTree = "<group>"; };
		733B4296226FE6FA00B876FB /* GifUIImageView.swift */ = {isa = PBXFileReference; fileEncoding = 4; lastKnownFileType = sourcecode.swift; path = GifUIImageView.swift; sourceTree = "<group>"; };
		733B429A226FE95C00B876FB /* CustomTableViewCell.swift */ = {isa = PBXFileReference; fileEncoding = 4; lastKnownFileType = sourcecode.swift; path = CustomTableViewCell.swift; sourceTree = "<group>"; };
		733B429B226FE95D00B876FB /* CustomTableViewCell.xib */ = {isa = PBXFileReference; fileEncoding = 4; lastKnownFileType = file.xib; path = CustomTableViewCell.xib; sourceTree = "<group>"; };
		734475092194A4F10054AEB7 /* GoogleService-Info.plist */ = {isa = PBXFileReference; fileEncoding = 4; lastKnownFileType = text.plist.xml; path = "GoogleService-Info.plist"; sourceTree = "<group>"; };
		7347A08E22737A4500317A7B /* TraspasoEnEsperaVC.swift */ = {isa = PBXFileReference; lastKnownFileType = sourcecode.swift; path = TraspasoEnEsperaVC.swift; sourceTree = "<group>"; };
		73559273228C95EF003DD1E6 /* StardEndDates.swift */ = {isa = PBXFileReference; fileEncoding = 4; lastKnownFileType = sourcecode.swift; path = StardEndDates.swift; sourceTree = "<group>"; };
		73559275228C9D80003DD1E6 /* ReporteItem.swift */ = {isa = PBXFileReference; lastKnownFileType = sourcecode.swift; path = ReporteItem.swift; sourceTree = "<group>"; };
		735BCC4D2190B93100EC8710 /* CategoriaVC.swift */ = {isa = PBXFileReference; lastKnownFileType = sourcecode.swift; path = CategoriaVC.swift; sourceTree = "<group>"; };
		735BCC4F2190B95100EC8710 /* ProductoVC.swift */ = {isa = PBXFileReference; lastKnownFileType = sourcecode.swift; path = ProductoVC.swift; sourceTree = "<group>"; };
		73629BCA22863A4F00FA47E9 /* item.swift */ = {isa = PBXFileReference; lastKnownFileType = sourcecode.swift; path = item.swift; sourceTree = "<group>"; };
		73629BCC2286488100FA47E9 /* categoriaClass.swift */ = {isa = PBXFileReference; lastKnownFileType = sourcecode.swift; path = categoriaClass.swift; sourceTree = "<group>"; };
		73629BCE22864E2400FA47E9 /* articulo.swift */ = {isa = PBXFileReference; lastKnownFileType = sourcecode.swift; path = articulo.swift; sourceTree = "<group>"; };
		736BA71E218CCA1F0058CCE1 /* MenuTVC.swift */ = {isa = PBXFileReference; lastKnownFileType = sourcecode.swift; path = MenuTVC.swift; sourceTree = "<group>"; };
		736DE9A421851932007EC5DE /* Inventario.app */ = {isa = PBXFileReference; explicitFileType = wrapper.application; includeInIndex = 0; path = Inventario.app; sourceTree = BUILT_PRODUCTS_DIR; };
		736DE9A721851932007EC5DE /* AppDelegate.swift */ = {isa = PBXFileReference; lastKnownFileType = sourcecode.swift; path = AppDelegate.swift; sourceTree = "<group>"; };
		736DE9AC21851932007EC5DE /* Base */ = {isa = PBXFileReference; lastKnownFileType = file.storyboard; name = Base; path = Base.lproj/Main.storyboard; sourceTree = "<group>"; };
		736DE9AF21851932007EC5DE /* Inventario.xcdatamodel */ = {isa = PBXFileReference; lastKnownFileType = wrapper.xcdatamodel; path = Inventario.xcdatamodel; sourceTree = "<group>"; };
		736DE9B121851937007EC5DE /* Assets.xcassets */ = {isa = PBXFileReference; lastKnownFileType = folder.assetcatalog; path = Assets.xcassets; sourceTree = "<group>"; };
		736DE9B421851937007EC5DE /* Base */ = {isa = PBXFileReference; lastKnownFileType = file.storyboard; name = Base; path = Base.lproj/LaunchScreen.storyboard; sourceTree = "<group>"; };
		736DE9B621851938007EC5DE /* Info.plist */ = {isa = PBXFileReference; lastKnownFileType = text.plist.xml; path = Info.plist; sourceTree = "<group>"; };
		7370588621A9FCF40018EAB4 /* CodigosDeBarras.swift */ = {isa = PBXFileReference; lastKnownFileType = sourcecode.swift; path = CodigosDeBarras.swift; sourceTree = "<group>"; };
		7371798A21DECC1B00B05EE2 /* AlmacenVC.swift */ = {isa = PBXFileReference; lastKnownFileType = sourcecode.swift; path = AlmacenVC.swift; sourceTree = "<group>"; };
		7371798C21DECEA200B05EE2 /* CrearAlmacenVC.swift */ = {isa = PBXFileReference; lastKnownFileType = sourcecode.swift; path = CrearAlmacenVC.swift; sourceTree = "<group>"; };
		737296772194EE7C00832591 /* LogInVC.swift */ = {isa = PBXFileReference; lastKnownFileType = sourcecode.swift; path = LogInVC.swift; sourceTree = "<group>"; };
		7388234D218A23CA0051D7A3 /* configuration-with-gear.png */ = {isa = PBXFileReference; lastKnownFileType = image.png; path = "configuration-with-gear.png"; sourceTree = "<group>"; };
		7388234F218A2C180051D7A3 /* ConfigurationVC.swift */ = {isa = PBXFileReference; lastKnownFileType = sourcecode.swift; path = ConfigurationVC.swift; sourceTree = "<group>"; };
		7398F7E521C345CD00D1D6B4 /* ClientesVC.swift */ = {isa = PBXFileReference; lastKnownFileType = sourcecode.swift; path = ClientesVC.swift; sourceTree = "<group>"; };
		7398F7E721C4696600D1D6B4 /* FuncionesFirebase.swift */ = {isa = PBXFileReference; lastKnownFileType = sourcecode.swift; path = FuncionesFirebase.swift; sourceTree = "<group>"; };
		73A8B30B2288FE2F0038C1D9 /* Reportes.storyboard */ = {isa = PBXFileReference; lastKnownFileType = file.storyboard; path = Reportes.storyboard; sourceTree = "<group>"; };
		73A8B30D228903900038C1D9 /* ReportesVC.swift */ = {isa = PBXFileReference; lastKnownFileType = sourcecode.swift; path = ReportesVC.swift; sourceTree = "<group>"; };
		73A912ED21BF4C3F00D3CF68 /* ProovedoresVC.swift */ = {isa = PBXFileReference; lastKnownFileType = sourcecode.swift; path = ProovedoresVC.swift; sourceTree = "<group>"; };
		73AF2A08228F31F800C30EEB /* PDFVC.swift */ = {isa = PBXFileReference; lastKnownFileType = sourcecode.swift; path = PDFVC.swift; sourceTree = "<group>"; };
		73AF2A0A228F35DE00C30EEB /* SexyLogo.png */ = {isa = PBXFileReference; lastKnownFileType = image.png; path = SexyLogo.png; sourceTree = "<group>"; };
		73B612A8228781D6009E710D /* proovedor.swift */ = {isa = PBXFileReference; lastKnownFileType = sourcecode.swift; path = proovedor.swift; sourceTree = "<group>"; };
		73B612AA22879004009E710D /* ArticuloInventario.swift */ = {isa = PBXFileReference; lastKnownFileType = sourcecode.swift; path = ArticuloInventario.swift; sourceTree = "<group>"; };
		73B612AC228794D4009E710D /* Pedido.swift */ = {isa = PBXFileReference; lastKnownFileType = sourcecode.swift; path = Pedido.swift; sourceTree = "<group>"; };
		73B6E0932263BCC90073D7A2 /* ScannArticulosVC.swift */ = {isa = PBXFileReference; lastKnownFileType = sourcecode.swift; path = ScannArticulosVC.swift; sourceTree = "<group>"; };
		73B6E0952263BE730073D7A2 /* DashboardVC.swift */ = {isa = PBXFileReference; lastKnownFileType = sourcecode.swift; path = DashboardVC.swift; sourceTree = "<group>"; };
		73BCA4ED21E519310006530C /* GestionInventarioVC.swift */ = {isa = PBXFileReference; lastKnownFileType = sourcecode.swift; path = GestionInventarioVC.swift; sourceTree = "<group>"; };
		73C026ED22C415D500ACEB50 /* CodigoItem.swift */ = {isa = PBXFileReference; lastKnownFileType = sourcecode.swift; path = CodigoItem.swift; sourceTree = "<group>"; };
		73C026F122C6CBFC00ACEB50 /* POSVC.swift */ = {isa = PBXFileReference; lastKnownFileType = sourcecode.swift; path = POSVC.swift; sourceTree = "<group>"; };
		73C026F322C6D0AC00ACEB50 /* ArticulosCollectionViewCell.swift */ = {isa = PBXFileReference; lastKnownFileType = sourcecode.swift; path = ArticulosCollectionViewCell.swift; sourceTree = "<group>"; };
		73C026F522C8FF6F00ACEB50 /* ArticulosPOS.swift */ = {isa = PBXFileReference; lastKnownFileType = sourcecode.swift; path = ArticulosPOS.swift; sourceTree = "<group>"; };
		997BA71AD6E89FD2CFE8390B /* Pods_Inventario.framework */ = {isa = PBXFileReference; explicitFileType = wrapper.framework; includeInIndex = 0; path = Pods_Inventario.framework; sourceTree = BUILT_PRODUCTS_DIR; };
		EC0976FB22F1D7AA005D7733 /* Zapatos.swift */ = {isa = PBXFileReference; lastKnownFileType = sourcecode.swift; path = Zapatos.swift; sourceTree = "<group>"; };
		F6AC7732C98B86C773975E98 /* Pods-Inventario.debug.xcconfig */ = {isa = PBXFileReference; includeInIndex = 1; lastKnownFileType = text.xcconfig; name = "Pods-Inventario.debug.xcconfig"; path = "Pods/Target Support Files/Pods-Inventario/Pods-Inventario.debug.xcconfig"; sourceTree = "<group>"; };
/* End PBXFileReference section */

/* Begin PBXFrameworksBuildPhase section */
		736DE9A121851932007EC5DE /* Frameworks */ = {
			isa = PBXFrameworksBuildPhase;
			buildActionMask = 2147483647;
			files = (
				116FBAD82EDCBE1D0951561E /* Pods_Inventario.framework in Frameworks */,
			);
			runOnlyForDeploymentPostprocessing = 0;
		};
/* End PBXFrameworksBuildPhase section */

/* Begin PBXGroup section */
		5360CE6D3CB73EC5B6DAB6AD /* Pods */ = {
			isa = PBXGroup;
			children = (
				F6AC7732C98B86C773975E98 /* Pods-Inventario.debug.xcconfig */,
				094A1BF9CC10C9D535DCCC56 /* Pods-Inventario.release.xcconfig */,
			);
			name = Pods;
			sourceTree = "<group>";
		};
		736DE99B21851932007EC5DE = {
			isa = PBXGroup;
			children = (
				736DE9A621851932007EC5DE /* Inventario */,
				736DE9A521851932007EC5DE /* Products */,
				5360CE6D3CB73EC5B6DAB6AD /* Pods */,
				8F29467535B15A115CB35282 /* Frameworks */,
			);
			sourceTree = "<group>";
		};
		736DE9A521851932007EC5DE /* Products */ = {
			isa = PBXGroup;
			children = (
				736DE9A421851932007EC5DE /* Inventario.app */,
			);
			name = Products;
			sourceTree = "<group>";
		};
		736DE9A621851932007EC5DE /* Inventario */ = {
			isa = PBXGroup;
			children = (
				736DE9A721851932007EC5DE /* AppDelegate.swift */,
				7388234B218A237C0051D7A3 /* Controller */,
				7388234A218A23750051D7A3 /* View */,
				73882349218A23700051D7A3 /* Model */,
				736DE9B121851937007EC5DE /* Assets.xcassets */,
				7388234C218A23B80051D7A3 /* Imagenes */,
				736DE9B621851938007EC5DE /* Info.plist */,
				734475092194A4F10054AEB7 /* GoogleService-Info.plist */,
				736DE9AE21851932007EC5DE /* Inventario.xcdatamodeld */,
			);
			path = Inventario;
			sourceTree = "<group>";
		};
		73882349218A23700051D7A3 /* Model */ = {
			isa = PBXGroup;
			children = (
				736BA71E218CCA1F0058CCE1 /* MenuTVC.swift */,
				7370588621A9FCF40018EAB4 /* CodigosDeBarras.swift */,
				7398F7E721C4696600D1D6B4 /* FuncionesFirebase.swift */,
				7321FD6F2265039F00EA41CE /* AlertController+Image.swift */,
				7321FD712265056D00EA41CE /* UIImage+Resize.swift */,
				7321FD7322650D7200EA41CE /* UIAlertAction+Image.swift */,
				733B4294226FE6F800B876FB /* CustomSegmentedControl.swift */,
				733B4296226FE6FA00B876FB /* GifUIImageView.swift */,
				733B4295226FE6F900B876FB /* RoundedImage.swift */,
				73629BCA22863A4F00FA47E9 /* item.swift */,
				73629BCC2286488100FA47E9 /* categoriaClass.swift */,
				73629BCE22864E2400FA47E9 /* articulo.swift */,
				73B612A8228781D6009E710D /* proovedor.swift */,
				73B612AA22879004009E710D /* ArticuloInventario.swift */,
				73B612AC228794D4009E710D /* Pedido.swift */,
				731F2D762288CBE0001B4808 /* ViewControllerMethods.swift */,
				73559273228C95EF003DD1E6 /* StardEndDates.swift */,
				73559275228C9D80003DD1E6 /* ReporteItem.swift */,
				73C026ED22C415D500ACEB50 /* CodigoItem.swift */,
				73C026F322C6D0AC00ACEB50 /* ArticulosCollectionViewCell.swift */,
				73C026F522C8FF6F00ACEB50 /* ArticulosPOS.swift */,
				EC0976FB22F1D7AA005D7733 /* Zapatos.swift */,
			);
			path = Model;
			sourceTree = "<group>";
		};
		7388234A218A23750051D7A3 /* View */ = {
			isa = PBXGroup;
			children = (
				736DE9AB21851932007EC5DE /* Main.storyboard */,
				730FA037226F8E0B00A606D1 /* Configuracion.storyboard */,
				730FA03A226F8FA400A606D1 /* CatProd.storyboard */,
				730FA03D226F90E700A606D1 /* Proovedores.storyboard */,
				730FA040226F91FD00A606D1 /* Clientes.storyboard */,
				730FA043226F928D00A606D1 /* Visualizar.storyboard */,
				730FA046226F935E00A606D1 /* Almacen.storyboard */,
				730FA049226F93F200A606D1 /* Traspaso.storyboard */,
				73A8B30B2288FE2F0038C1D9 /* Reportes.storyboard */,
				736DE9B321851937007EC5DE /* LaunchScreen.storyboard */,
				7325FC932203B7AC009EA072 /* CustomViewCell.swift */,
				7325FC942203B7AC009EA072 /* CustomViewCell.xib */,
				733B429A226FE95C00B876FB /* CustomTableViewCell.swift */,
				733B429B226FE95D00B876FB /* CustomTableViewCell.xib */,
			);
			path = View;
			sourceTree = "<group>";
		};
		7388234B218A237C0051D7A3 /* Controller */ = {
			isa = PBXGroup;
			children = (
				730FA032226F83A900A606D1 /* MenuVC.swift */,
				730FA034226F83CB00A606D1 /* ContainerVC.swift */,
				737296772194EE7C00832591 /* LogInVC.swift */,
				73B6E0952263BE730073D7A2 /* DashboardVC.swift */,
				73B6E0932263BCC90073D7A2 /* ScannArticulosVC.swift */,
				7388234F218A2C180051D7A3 /* ConfigurationVC.swift */,
				735BCC4D2190B93100EC8710 /* CategoriaVC.swift */,
				735BCC4F2190B95100EC8710 /* ProductoVC.swift */,
				7314C2F122EBC66900D745FE /* ZapatosVC.swift */,
				73A912ED21BF4C3F00D3CF68 /* ProovedoresVC.swift */,
				7398F7E521C345CD00D1D6B4 /* ClientesVC.swift */,
				73279EEE21D6BE3500C11366 /* VizualizarArticulosVC.swift */,
				7371798A21DECC1B00B05EE2 /* AlmacenVC.swift */,
				7371798C21DECEA200B05EE2 /* CrearAlmacenVC.swift */,
				73BCA4ED21E519310006530C /* GestionInventarioVC.swift */,
				7347A08E22737A4500317A7B /* TraspasoEnEsperaVC.swift */,
				73A8B30D228903900038C1D9 /* ReportesVC.swift */,
				73AF2A08228F31F800C30EEB /* PDFVC.swift */,
				73C026F122C6CBFC00ACEB50 /* POSVC.swift */,
			);
			path = Controller;
			sourceTree = "<group>";
		};
		7388234C218A23B80051D7A3 /* Imagenes */ = {
			isa = PBXGroup;
			children = (
				73AF2A0A228F35DE00C30EEB /* SexyLogo.png */,
				7388234D218A23CA0051D7A3 /* configuration-with-gear.png */,
				732F02DB21A7392C003FB74F /* barcode.png */,
			);
			path = Imagenes;
			sourceTree = "<group>";
		};
		8F29467535B15A115CB35282 /* Frameworks */ = {
			isa = PBXGroup;
			children = (
				997BA71AD6E89FD2CFE8390B /* Pods_Inventario.framework */,
			);
			name = Frameworks;
			sourceTree = "<group>";
		};
/* End PBXGroup section */

/* Begin PBXNativeTarget section */
		736DE9A321851932007EC5DE /* Inventario */ = {
			isa = PBXNativeTarget;
			buildConfigurationList = 736DE9B921851938007EC5DE /* Build configuration list for PBXNativeTarget "Inventario" */;
			buildPhases = (
				C9270B7594B0BE4A270D65CB /* [CP] Check Pods Manifest.lock */,
				736DE9A021851932007EC5DE /* Sources */,
				736DE9A121851932007EC5DE /* Frameworks */,
				736DE9A221851932007EC5DE /* Resources */,
				5E908EB19C2F0293D60AABD6 /* [CP] Embed Pods Frameworks */,
			);
			buildRules = (
			);
			dependencies = (
			);
			name = Inventario;
			productName = Inventario;
			productReference = 736DE9A421851932007EC5DE /* Inventario.app */;
			productType = "com.apple.product-type.application";
		};
/* End PBXNativeTarget section */

/* Begin PBXProject section */
		736DE99C21851932007EC5DE /* Project object */ = {
			isa = PBXProject;
			attributes = {
				LastSwiftUpdateCheck = 1000;
				LastUpgradeCheck = 1000;
				ORGANIZATIONNAME = "Luis Isaac Maya";
				TargetAttributes = {
					736DE9A321851932007EC5DE = {
						CreatedOnToolsVersion = 10.0;
						ProvisioningStyle = Manual;
					};
				};
			};
			buildConfigurationList = 736DE99F21851932007EC5DE /* Build configuration list for PBXProject "Inventario" */;
			compatibilityVersion = "Xcode 8.0";
			developmentRegion = en;
			hasScannedForEncodings = 0;
			knownRegions = (
				en,
				Base,
			);
			mainGroup = 736DE99B21851932007EC5DE;
			productRefGroup = 736DE9A521851932007EC5DE /* Products */;
			projectDirPath = "";
			projectRoot = "";
			targets = (
				736DE9A321851932007EC5DE /* Inventario */,
			);
		};
/* End PBXProject section */

/* Begin PBXResourcesBuildPhase section */
		736DE9A221851932007EC5DE /* Resources */ = {
			isa = PBXResourcesBuildPhase;
			buildActionMask = 2147483647;
			files = (
				732F02DC21A7392D003FB74F /* barcode.png in Resources */,
				730FA04A226F93F200A606D1 /* Traspaso.storyboard in Resources */,
				736DE9B521851937007EC5DE /* LaunchScreen.storyboard in Resources */,
				736DE9B221851937007EC5DE /* Assets.xcassets in Resources */,
				730FA03E226F90E700A606D1 /* Proovedores.storyboard in Resources */,
				73AF2A0B228F35DF00C30EEB /* SexyLogo.png in Resources */,
				7344750A2194A4F20054AEB7 /* GoogleService-Info.plist in Resources */,
				730FA047226F935E00A606D1 /* Almacen.storyboard in Resources */,
				736DE9AD21851932007EC5DE /* Main.storyboard in Resources */,
				733B429D226FE95D00B876FB /* CustomTableViewCell.xib in Resources */,
				730FA044226F928D00A606D1 /* Visualizar.storyboard in Resources */,
				730FA041226F91FD00A606D1 /* Clientes.storyboard in Resources */,
				7325FC962203B7AC009EA072 /* CustomViewCell.xib in Resources */,
				730FA038226F8E0B00A606D1 /* Configuracion.storyboard in Resources */,
				7388234E218A23CA0051D7A3 /* configuration-with-gear.png in Resources */,
				73A8B30C2288FE2F0038C1D9 /* Reportes.storyboard in Resources */,
				730FA03B226F8FA500A606D1 /* CatProd.storyboard in Resources */,
			);
			runOnlyForDeploymentPostprocessing = 0;
		};
/* End PBXResourcesBuildPhase section */

/* Begin PBXShellScriptBuildPhase section */
		5E908EB19C2F0293D60AABD6 /* [CP] Embed Pods Frameworks */ = {
			isa = PBXShellScriptBuildPhase;
			buildActionMask = 2147483647;
			files = (
			);
			inputFileListPaths = (
			);
			inputPaths = (
				"${SRCROOT}/Pods/Target Support Files/Pods-Inventario/Pods-Inventario-frameworks.sh",
				"${BUILT_PRODUCTS_DIR}/BoringSSL-GRPC/openssl_grpc.framework",
				"${BUILT_PRODUCTS_DIR}/FSCalendar/FSCalendar.framework",
				"${BUILT_PRODUCTS_DIR}/GTMSessionFetcher/GTMSessionFetcher.framework",
				"${BUILT_PRODUCTS_DIR}/GoogleUtilities/GoogleUtilities.framework",
				"${BUILT_PRODUCTS_DIR}/IQKeyboardManagerSwift/IQKeyboardManagerSwift.framework",
				"${BUILT_PRODUCTS_DIR}/PDFGenerator/PDFGenerator.framework",
				"${BUILT_PRODUCTS_DIR}/Protobuf/Protobuf.framework",
				"${BUILT_PRODUCTS_DIR}/SVProgressHUD/SVProgressHUD.framework",
				"${BUILT_PRODUCTS_DIR}/TPPDF/TPPDF.framework",
				"${BUILT_PRODUCTS_DIR}/gRPC-C++/grpcpp.framework",
				"${BUILT_PRODUCTS_DIR}/gRPC-Core/grpc.framework",
				"${BUILT_PRODUCTS_DIR}/leveldb-library/leveldb.framework",
				"${BUILT_PRODUCTS_DIR}/nanopb/nanopb.framework",
			);
			name = "[CP] Embed Pods Frameworks";
			outputFileListPaths = (
			);
			outputPaths = (
				"${TARGET_BUILD_DIR}/${FRAMEWORKS_FOLDER_PATH}/openssl_grpc.framework",
				"${TARGET_BUILD_DIR}/${FRAMEWORKS_FOLDER_PATH}/FSCalendar.framework",
				"${TARGET_BUILD_DIR}/${FRAMEWORKS_FOLDER_PATH}/GTMSessionFetcher.framework",
				"${TARGET_BUILD_DIR}/${FRAMEWORKS_FOLDER_PATH}/GoogleUtilities.framework",
				"${TARGET_BUILD_DIR}/${FRAMEWORKS_FOLDER_PATH}/IQKeyboardManagerSwift.framework",
				"${TARGET_BUILD_DIR}/${FRAMEWORKS_FOLDER_PATH}/PDFGenerator.framework",
				"${TARGET_BUILD_DIR}/${FRAMEWORKS_FOLDER_PATH}/Protobuf.framework",
				"${TARGET_BUILD_DIR}/${FRAMEWORKS_FOLDER_PATH}/SVProgressHUD.framework",
				"${TARGET_BUILD_DIR}/${FRAMEWORKS_FOLDER_PATH}/TPPDF.framework",
				"${TARGET_BUILD_DIR}/${FRAMEWORKS_FOLDER_PATH}/grpcpp.framework",
				"${TARGET_BUILD_DIR}/${FRAMEWORKS_FOLDER_PATH}/grpc.framework",
				"${TARGET_BUILD_DIR}/${FRAMEWORKS_FOLDER_PATH}/leveldb.framework",
				"${TARGET_BUILD_DIR}/${FRAMEWORKS_FOLDER_PATH}/nanopb.framework",
			);
			runOnlyForDeploymentPostprocessing = 0;
			shellPath = /bin/sh;
			shellScript = "\"${SRCROOT}/Pods/Target Support Files/Pods-Inventario/Pods-Inventario-frameworks.sh\"\n";
			showEnvVarsInLog = 0;
		};
		C9270B7594B0BE4A270D65CB /* [CP] Check Pods Manifest.lock */ = {
			isa = PBXShellScriptBuildPhase;
			buildActionMask = 2147483647;
			files = (
			);
			inputFileListPaths = (
			);
			inputPaths = (
				"${PODS_PODFILE_DIR_PATH}/Podfile.lock",
				"${PODS_ROOT}/Manifest.lock",
			);
			name = "[CP] Check Pods Manifest.lock";
			outputFileListPaths = (
			);
			outputPaths = (
				"$(DERIVED_FILE_DIR)/Pods-Inventario-checkManifestLockResult.txt",
			);
			runOnlyForDeploymentPostprocessing = 0;
			shellPath = /bin/sh;
			shellScript = "diff \"${PODS_PODFILE_DIR_PATH}/Podfile.lock\" \"${PODS_ROOT}/Manifest.lock\" > /dev/null\nif [ $? != 0 ] ; then\n    # print error to STDERR\n    echo \"error: The sandbox is not in sync with the Podfile.lock. Run 'pod install' or update your CocoaPods installation.\" >&2\n    exit 1\nfi\n# This output is used by Xcode 'outputs' to avoid re-running this script phase.\necho \"SUCCESS\" > \"${SCRIPT_OUTPUT_FILE_0}\"\n";
			showEnvVarsInLog = 0;
		};
/* End PBXShellScriptBuildPhase section */

/* Begin PBXSourcesBuildPhase section */
		736DE9A021851932007EC5DE /* Sources */ = {
			isa = PBXSourcesBuildPhase;
			buildActionMask = 2147483647;
			files = (
				7371798B21DECC1B00B05EE2 /* AlmacenVC.swift in Sources */,
				7314C2F222EBC66900D745FE /* ZapatosVC.swift in Sources */,
				735BCC4E2190B93100EC8710 /* CategoriaVC.swift in Sources */,
				73629BCF22864E2400FA47E9 /* articulo.swift in Sources */,
				73C026F222C6CBFC00ACEB50 /* POSVC.swift in Sources */,
				73AF2A09228F31F800C30EEB /* PDFVC.swift in Sources */,
				733B4298226FE6FA00B876FB /* RoundedImage.swift in Sources */,
				730FA035226F83CB00A606D1 /* ContainerVC.swift in Sources */,
				7398F7E821C4696600D1D6B4 /* FuncionesFirebase.swift in Sources */,
				73279EEF21D6BE3500C11366 /* VizualizarArticulosVC.swift in Sources */,
				7371798D21DECEA200B05EE2 /* CrearAlmacenVC.swift in Sources */,
				733B4299226FE6FA00B876FB /* GifUIImageView.swift in Sources */,
				73B6E0942263BCC90073D7A2 /* ScannArticulosVC.swift in Sources */,
				73B612A9228781D6009E710D /* proovedor.swift in Sources */,
				73BCA4EE21E519310006530C /* GestionInventarioVC.swift in Sources */,
				7325FC952203B7AC009EA072 /* CustomViewCell.swift in Sources */,
				73A912EE21BF4C3F00D3CF68 /* ProovedoresVC.swift in Sources */,
				73B6E0962263BE730073D7A2 /* DashboardVC.swift in Sources */,
				737296782194EE7C00832591 /* LogInVC.swift in Sources */,
				73B612AB22879004009E710D /* ArticuloInventario.swift in Sources */,
				7398F7E621C345CD00D1D6B4 /* ClientesVC.swift in Sources */,
				735BCC502190B95100EC8710 /* ProductoVC.swift in Sources */,
				7347A08F22737A4500317A7B /* TraspasoEnEsperaVC.swift in Sources */,
				73A8B30E228903900038C1D9 /* ReportesVC.swift in Sources */,
				73C026F422C6D0AC00ACEB50 /* ArticulosCollectionViewCell.swift in Sources */,
				EC0976FC22F1D7AA005D7733 /* Zapatos.swift in Sources */,
				7321FD7422650D7200EA41CE /* UIAlertAction+Image.swift in Sources */,
				73629BCD2286488100FA47E9 /* categoriaClass.swift in Sources */,
				7321FD722265056D00EA41CE /* UIImage+Resize.swift in Sources */,
				73C026F622C8FF7000ACEB50 /* ArticulosPOS.swift in Sources */,
				733B429C226FE95D00B876FB /* CustomTableViewCell.swift in Sources */,
				73559274228C95F0003DD1E6 /* StardEndDates.swift in Sources */,
				736BA71F218CCA1F0058CCE1 /* MenuTVC.swift in Sources */,
				736DE9A821851932007EC5DE /* AppDelegate.swift in Sources */,
				730FA033226F83A900A606D1 /* MenuVC.swift in Sources */,
				7321FD702265039F00EA41CE /* AlertController+Image.swift in Sources */,
				73559276228C9D80003DD1E6 /* ReporteItem.swift in Sources */,
				736DE9B021851932007EC5DE /* Inventario.xcdatamodeld in Sources */,
				73629BCB22863A4F00FA47E9 /* item.swift in Sources */,
				73B612AD228794D4009E710D /* Pedido.swift in Sources */,
				73882350218A2C190051D7A3 /* ConfigurationVC.swift in Sources */,
				731F2D772288CBE0001B4808 /* ViewControllerMethods.swift in Sources */,
				7370588721A9FCF40018EAB4 /* CodigosDeBarras.swift in Sources */,
				733B4297226FE6FA00B876FB /* CustomSegmentedControl.swift in Sources */,
				73C026EE22C415D500ACEB50 /* CodigoItem.swift in Sources */,
			);
			runOnlyForDeploymentPostprocessing = 0;
		};
/* End PBXSourcesBuildPhase section */

/* Begin PBXVariantGroup section */
		736DE9AB21851932007EC5DE /* Main.storyboard */ = {
			isa = PBXVariantGroup;
			children = (
				736DE9AC21851932007EC5DE /* Base */,
			);
			name = Main.storyboard;
			sourceTree = "<group>";
		};
		736DE9B321851937007EC5DE /* LaunchScreen.storyboard */ = {
			isa = PBXVariantGroup;
			children = (
				736DE9B421851937007EC5DE /* Base */,
			);
			name = LaunchScreen.storyboard;
			sourceTree = "<group>";
		};
/* End PBXVariantGroup section */

/* Begin XCBuildConfiguration section */
		736DE9B721851938007EC5DE /* Debug */ = {
			isa = XCBuildConfiguration;
			buildSettings = {
				ALWAYS_SEARCH_USER_PATHS = NO;
				CLANG_ANALYZER_NONNULL = YES;
				CLANG_ANALYZER_NUMBER_OBJECT_CONVERSION = YES_AGGRESSIVE;
				CLANG_CXX_LANGUAGE_STANDARD = "gnu++14";
				CLANG_CXX_LIBRARY = "libc++";
				CLANG_ENABLE_MODULES = YES;
				CLANG_ENABLE_OBJC_ARC = YES;
				CLANG_ENABLE_OBJC_WEAK = YES;
				CLANG_WARN_BLOCK_CAPTURE_AUTORELEASING = YES;
				CLANG_WARN_BOOL_CONVERSION = YES;
				CLANG_WARN_COMMA = YES;
				CLANG_WARN_CONSTANT_CONVERSION = YES;
				CLANG_WARN_DEPRECATED_OBJC_IMPLEMENTATIONS = YES;
				CLANG_WARN_DIRECT_OBJC_ISA_USAGE = YES_ERROR;
				CLANG_WARN_DOCUMENTATION_COMMENTS = YES;
				CLANG_WARN_EMPTY_BODY = YES;
				CLANG_WARN_ENUM_CONVERSION = YES;
				CLANG_WARN_INFINITE_RECURSION = YES;
				CLANG_WARN_INT_CONVERSION = YES;
				CLANG_WARN_NON_LITERAL_NULL_CONVERSION = YES;
				CLANG_WARN_OBJC_IMPLICIT_RETAIN_SELF = YES;
				CLANG_WARN_OBJC_LITERAL_CONVERSION = YES;
				CLANG_WARN_OBJC_ROOT_CLASS = YES_ERROR;
				CLANG_WARN_RANGE_LOOP_ANALYSIS = YES;
				CLANG_WARN_STRICT_PROTOTYPES = YES;
				CLANG_WARN_SUSPICIOUS_MOVE = YES;
				CLANG_WARN_UNGUARDED_AVAILABILITY = YES_AGGRESSIVE;
				CLANG_WARN_UNREACHABLE_CODE = YES;
				CLANG_WARN__DUPLICATE_METHOD_MATCH = YES;
				CODE_SIGN_IDENTITY = "iPhone Developer";
				COPY_PHASE_STRIP = NO;
				DEBUG_INFORMATION_FORMAT = dwarf;
				ENABLE_STRICT_OBJC_MSGSEND = YES;
				ENABLE_TESTABILITY = YES;
				GCC_C_LANGUAGE_STANDARD = gnu11;
				GCC_DYNAMIC_NO_PIC = NO;
				GCC_NO_COMMON_BLOCKS = YES;
				GCC_OPTIMIZATION_LEVEL = 0;
				GCC_PREPROCESSOR_DEFINITIONS = (
					"DEBUG=1",
					"$(inherited)",
				);
				GCC_WARN_64_TO_32_BIT_CONVERSION = YES;
				GCC_WARN_ABOUT_RETURN_TYPE = YES_ERROR;
				GCC_WARN_UNDECLARED_SELECTOR = YES;
				GCC_WARN_UNINITIALIZED_AUTOS = YES_AGGRESSIVE;
				GCC_WARN_UNUSED_FUNCTION = YES;
				GCC_WARN_UNUSED_VARIABLE = YES;
				IPHONEOS_DEPLOYMENT_TARGET = 12.0;
				MTL_ENABLE_DEBUG_INFO = INCLUDE_SOURCE;
				MTL_FAST_MATH = YES;
				ONLY_ACTIVE_ARCH = YES;
				SDKROOT = iphoneos;
				SWIFT_ACTIVE_COMPILATION_CONDITIONS = DEBUG;
				SWIFT_OPTIMIZATION_LEVEL = "-Onone";
			};
			name = Debug;
		};
		736DE9B821851938007EC5DE /* Release */ = {
			isa = XCBuildConfiguration;
			buildSettings = {
				ALWAYS_SEARCH_USER_PATHS = NO;
				CLANG_ANALYZER_NONNULL = YES;
				CLANG_ANALYZER_NUMBER_OBJECT_CONVERSION = YES_AGGRESSIVE;
				CLANG_CXX_LANGUAGE_STANDARD = "gnu++14";
				CLANG_CXX_LIBRARY = "libc++";
				CLANG_ENABLE_MODULES = YES;
				CLANG_ENABLE_OBJC_ARC = YES;
				CLANG_ENABLE_OBJC_WEAK = YES;
				CLANG_WARN_BLOCK_CAPTURE_AUTORELEASING = YES;
				CLANG_WARN_BOOL_CONVERSION = YES;
				CLANG_WARN_COMMA = YES;
				CLANG_WARN_CONSTANT_CONVERSION = YES;
				CLANG_WARN_DEPRECATED_OBJC_IMPLEMENTATIONS = YES;
				CLANG_WARN_DIRECT_OBJC_ISA_USAGE = YES_ERROR;
				CLANG_WARN_DOCUMENTATION_COMMENTS = YES;
				CLANG_WARN_EMPTY_BODY = YES;
				CLANG_WARN_ENUM_CONVERSION = YES;
				CLANG_WARN_INFINITE_RECURSION = YES;
				CLANG_WARN_INT_CONVERSION = YES;
				CLANG_WARN_NON_LITERAL_NULL_CONVERSION = YES;
				CLANG_WARN_OBJC_IMPLICIT_RETAIN_SELF = YES;
				CLANG_WARN_OBJC_LITERAL_CONVERSION = YES;
				CLANG_WARN_OBJC_ROOT_CLASS = YES_ERROR;
				CLANG_WARN_RANGE_LOOP_ANALYSIS = YES;
				CLANG_WARN_STRICT_PROTOTYPES = YES;
				CLANG_WARN_SUSPICIOUS_MOVE = YES;
				CLANG_WARN_UNGUARDED_AVAILABILITY = YES_AGGRESSIVE;
				CLANG_WARN_UNREACHABLE_CODE = YES;
				CLANG_WARN__DUPLICATE_METHOD_MATCH = YES;
				CODE_SIGN_IDENTITY = "iPhone Developer";
				COPY_PHASE_STRIP = NO;
				DEBUG_INFORMATION_FORMAT = "dwarf-with-dsym";
				ENABLE_NS_ASSERTIONS = NO;
				ENABLE_STRICT_OBJC_MSGSEND = YES;
				GCC_C_LANGUAGE_STANDARD = gnu11;
				GCC_NO_COMMON_BLOCKS = YES;
				GCC_WARN_64_TO_32_BIT_CONVERSION = YES;
				GCC_WARN_ABOUT_RETURN_TYPE = YES_ERROR;
				GCC_WARN_UNDECLARED_SELECTOR = YES;
				GCC_WARN_UNINITIALIZED_AUTOS = YES_AGGRESSIVE;
				GCC_WARN_UNUSED_FUNCTION = YES;
				GCC_WARN_UNUSED_VARIABLE = YES;
				IPHONEOS_DEPLOYMENT_TARGET = 12.0;
				MTL_ENABLE_DEBUG_INFO = NO;
				MTL_FAST_MATH = YES;
				SDKROOT = iphoneos;
				SWIFT_OPTIMIZATION_LEVEL = "-Owholemodule";
				VALIDATE_PRODUCT = YES;
			};
			name = Release;
		};
		736DE9BA21851938007EC5DE /* Debug */ = {
			isa = XCBuildConfiguration;
			baseConfigurationReference = F6AC7732C98B86C773975E98 /* Pods-Inventario.debug.xcconfig */;
			buildSettings = {
				ASSETCATALOG_COMPILER_APPICON_NAME = AppIcon;
				CODE_SIGN_IDENTITY = "iPhone Developer";
				CODE_SIGN_STYLE = Manual;
				DEVELOPMENT_TEAM = 86V9YS97H9;
				INFOPLIST_FILE = Inventario/Info.plist;
				IPHONEOS_DEPLOYMENT_TARGET = 11.0;
				LD_RUNPATH_SEARCH_PATHS = "$(inherited) @executable_path/Frameworks";
				PRODUCT_BUNDLE_IDENTIFIER = com.IsaacMaya.Inventario;
				PRODUCT_NAME = "$(TARGET_NAME)";
				PROVISIONING_PROFILE_SPECIFIER = SR_Inventario_Dev;
				SWIFT_VERSION = 4.2;
				TARGETED_DEVICE_FAMILY = 2;
			};
			name = Debug;
		};
		736DE9BB21851938007EC5DE /* Release */ = {
			isa = XCBuildConfiguration;
			baseConfigurationReference = 094A1BF9CC10C9D535DCCC56 /* Pods-Inventario.release.xcconfig */;
			buildSettings = {
				ASSETCATALOG_COMPILER_APPICON_NAME = AppIcon;
				CODE_SIGN_IDENTITY = "iPhone Distribution";
				CODE_SIGN_STYLE = Manual;
				DEVELOPMENT_TEAM = 86V9YS97H9;
				INFOPLIST_FILE = Inventario/Info.plist;
				IPHONEOS_DEPLOYMENT_TARGET = 11.0;
				LD_RUNPATH_SEARCH_PATHS = "$(inherited) @executable_path/Frameworks";
				PRODUCT_BUNDLE_IDENTIFIER = com.IsaacMaya.Inventario;
				PRODUCT_NAME = "$(TARGET_NAME)";
				PROVISIONING_PROFILE_SPECIFIER = SR_Inventario_ADHOC3;
				SWIFT_VERSION = 4.2;
				TARGETED_DEVICE_FAMILY = 2;
			};
			name = Release;
		};
/* End XCBuildConfiguration section */

/* Begin XCConfigurationList section */
		736DE99F21851932007EC5DE /* Build configuration list for PBXProject "Inventario" */ = {
			isa = XCConfigurationList;
			buildConfigurations = (
				736DE9B721851938007EC5DE /* Debug */,
				736DE9B821851938007EC5DE /* Release */,
			);
			defaultConfigurationIsVisible = 0;
			defaultConfigurationName = Release;
		};
		736DE9B921851938007EC5DE /* Build configuration list for PBXNativeTarget "Inventario" */ = {
			isa = XCConfigurationList;
			buildConfigurations = (
				736DE9BA21851938007EC5DE /* Debug */,
				736DE9BB21851938007EC5DE /* Release */,
			);
			defaultConfigurationIsVisible = 0;
			defaultConfigurationName = Release;
		};
/* End XCConfigurationList section */

/* Begin XCVersionGroup section */
		736DE9AE21851932007EC5DE /* Inventario.xcdatamodeld */ = {
			isa = XCVersionGroup;
			children = (
				736DE9AF21851932007EC5DE /* Inventario.xcdatamodel */,
			);
			currentVersion = 736DE9AF21851932007EC5DE /* Inventario.xcdatamodel */;
			path = Inventario.xcdatamodeld;
			sourceTree = "<group>";
			versionGroupType = wrapper.xcdatamodel;
		};
/* End XCVersionGroup section */
	};
	rootObject = 736DE99C21851932007EC5DE /* Project object */;
}
